
Microsoft Visual Studio Solution File, Format Version 12.00
# Visual Studio Version 17
VisualStudioVersion = 17.3.32825.248
MinimumVisualStudioVersion = 10.0.40219.1
Project("{FAE04EC0-301F-11D3-BF4B-00C04F79EFBC}") = "Week5LogicalOperators", "Week5LogicalOperators\Week5LogicalOperators.csproj", "{B192A864-EBB4-4A06-B218-C8908B74EE45}"
EndProject
Project("{FAE04EC0-301F-11D3-BF4B-00C04F79EFBC}") = "AndOperator", "AndOperator\AndOperator.csproj", "{6C9087C8-3007-4212-B8E6-6EB0AFC03E01}"
EndProject
Project("{FAE04EC0-301F-11D3-BF4B-00C04F79EFBC}") = "AndRanges", "AndRanges\AndRanges.csproj", "{2D482AAE-E66B-4FB2-8B6C-934EB105EE1E}"
EndProject
Project("{FAE04EC0-301F-11D3-BF4B-00C04F79EFBC}") = "OrOperator", "OrOperator\OrOperator.csproj", "{F9EBD619-5F11-4A56-8E3A-63DA2301E833}"
EndProject
Global
	GlobalSection(SolutionConfigurationPlatforms) = preSolution
		Debug|Any CPU = Debug|Any CPU
		Release|Any CPU = Release|Any CPU
	EndGlobalSection
	GlobalSection(ProjectConfigurationPlatforms) = postSolution
		{B192A864-EBB4-4A06-B218-C8908B74EE45}.Debug|Any CPU.ActiveCfg = Debug|Any CPU
		{B192A864-EBB4-4A06-B218-C8908B74EE45}.Debug|Any CPU.Build.0 = Debug|Any CPU
		{B192A864-EBB4-4A06-B218-C8908B74EE45}.Release|Any CPU.ActiveCfg = Release|Any CPU
		{B192A864-EBB4-4A06-B218-C8908B74EE45}.Release|Any CPU.Build.0 = Release|Any CPU
		{6C9087C8-3007-4212-B8E6-6EB0AFC03E01}.Debug|Any CPU.ActiveCfg = Debug|Any CPU
		{6C9087C8-3007-4212-B8E6-6EB0AFC03E01}.Debug|Any CPU.Build.0 = Debug|Any CPU
		{6C9087C8-3007-4212-B8E6-6EB0AFC03E01}.Release|Any CPU.ActiveCfg = Release|Any CPU
		{6C9087C8-3007-4212-B8E6-6EB0AFC03E01}.Release|Any CPU.Build.0 = Release|Any CPU
		{2D482AAE-E66B-4FB2-8B6C-934EB105EE1E}.Debug|Any CPU.ActiveCfg = Debug|Any CPU
		{2D482AAE-E66B-4FB2-8B6C-934EB105EE1E}.Debug|Any CPU.Build.0 = Debug|Any CPU
		{2D482AAE-E66B-4FB2-8B6C-934EB105EE1E}.Release|Any CPU.ActiveCfg = Release|Any CPU
		{2D482AAE-E66B-4FB2-8B6C-934EB105EE1E}.Release|Any CPU.Build.0 = Release|Any CPU
		{F9EBD619-5F11-4A56-8E3A-63DA2301E833}.Debug|Any CPU.ActiveCfg = Debug|Any CPU
		{F9EBD619-5F11-4A56-8E3A-63DA2301E833}.Debug|Any CPU.Build.0 = Debug|Any CPU
		{F9EBD619-5F11-4A56-8E3A-63DA2301E833}.Release|Any CPU.ActiveCfg = Release|Any CPU
		{F9EBD619-5F11-4A56-8E3A-63DA2301E833}.Release|Any CPU.Build.0 = Release|Any CPU
	EndGlobalSection
	GlobalSection(SolutionProperties) = preSolution
		HideSolutionNode = FALSE
	EndGlobalSection
	GlobalSection(ExtensibilityGlobals) = postSolution
		SolutionGuid = {ABDB0087-E086-4787-8A96-98BB0262285B}
	EndGlobalSection
EndGlobal
